
Microsoft Visual Studio Solution File, Format Version 12.00
# Visual Studio Version 16
VisualStudioVersion = 16.0.28803.202
MinimumVisualStudioVersion = 10.0.40219.1
Project("{FAE04EC0-301F-11D3-BF4B-00C04F79EFBC}") = "proyectofinal", "proyectofinal\proyectofinal.csproj", "{CAEED3D0-0C14-4101-B7BE-382E9F38E55C}"
EndProject
Global
	GlobalSection(SolutionConfigurationPlatforms) = preSolution
		Debug|Any CPU = Debug|Any CPU
		Release|Any CPU = Release|Any CPU
	EndGlobalSection
	GlobalSection(ProjectConfigurationPlatforms) = postSolution
		{CAEED3D0-0C14-4101-B7BE-382E9F38E55C}.Debug|Any CPU.ActiveCfg = Debug|Any CPU
		{CAEED3D0-0C14-4101-B7BE-382E9F38E55C}.Debug|Any CPU.Build.0 = Debug|Any CPU
		{CAEED3D0-0C14-4101-B7BE-382E9F38E55C}.Release|Any CPU.ActiveCfg = Release|Any CPU
		{CAEED3D0-0C14-4101-B7BE-382E9F38E55C}.Release|Any CPU.Build.0 = Release|Any CPU
	EndGlobalSection
	GlobalSection(SolutionProperties) = preSolution
		HideSolutionNode = FALSE
	EndGlobalSection
	GlobalSection(ExtensibilityGlobals) = postSolution
		SolutionGuid = {2BFF9E74-7DB1-4A07-B637-82E6CD482C8E}
	EndGlobalSection
EndGlobal
